// !$*UTF8*$!
{
	archiveVersion = 1;
	classes = {
	};
	objectVersion = 55;
	objects = {

/* Begin PBXBuildFile section */
		D93D0F7A2806C35900A8A390 /* PressStart2P-Regular.ttf in Resources */ = {isa = PBXBuildFile; fileRef = D93D0F792806C35900A8A390 /* PressStart2P-Regular.ttf */; };
		D987143D28060F5600BA18A7 /* AppDelegate.swift in Sources */ = {isa = PBXBuildFile; fileRef = D987143C28060F5600BA18A7 /* AppDelegate.swift */; };
		D987143F28060F5600BA18A7 /* SceneDelegate.swift in Sources */ = {isa = PBXBuildFile; fileRef = D987143E28060F5600BA18A7 /* SceneDelegate.swift */; };
		D987144128060F5600BA18A7 /* ViewController.swift in Sources */ = {isa = PBXBuildFile; fileRef = D987144028060F5600BA18A7 /* ViewController.swift */; };
		D987144428060F5600BA18A7 /* Main.storyboard in Resources */ = {isa = PBXBuildFile; fileRef = D987144228060F5600BA18A7 /* Main.storyboard */; };
		D987144628060F5700BA18A7 /* Assets.xcassets in Resources */ = {isa = PBXBuildFile; fileRef = D987144528060F5700BA18A7 /* Assets.xcassets */; };
		D987144928060F5700BA18A7 /* LaunchScreen.storyboard in Resources */ = {isa = PBXBuildFile; fileRef = D987144728060F5700BA18A7 /* LaunchScreen.storyboard */; };
		D987145428060F5700BA18A7 /* TasarimCalismasiCyberspaceTests.swift in Sources */ = {isa = PBXBuildFile; fileRef = D987145328060F5700BA18A7 /* TasarimCalismasiCyberspaceTests.swift */; };
		D987146028060F5700BA18A7 /* TasarimCalismasiCyberspaceUITestsLaunchTests.swift in Sources */ = {isa = PBXBuildFile; fileRef = D987145F28060F5700BA18A7 /* TasarimCalismasiCyberspaceUITestsLaunchTests.swift */; };
		D987146C280618B600BA18A7 /* TasarimCalismasiCyberspaceUITests.swift in Sources */ = {isa = PBXBuildFile; fileRef = D987145D28060F5700BA18A7 /* TasarimCalismasiCyberspaceUITests.swift */; };
/* End PBXBuildFile section */

/* Begin PBXContainerItemProxy section */
		D987145028060F5700BA18A7 /* PBXContainerItemProxy */ = {
			isa = PBXContainerItemProxy;
			containerPortal = D987143128060F5600BA18A7 /* Project object */;
			proxyType = 1;
			remoteGlobalIDString = D987143828060F5600BA18A7;
			remoteInfo = TasarimCalismasiCyberspace;
		};
		D987145A28060F5700BA18A7 /* PBXContainerItemProxy */ = {
			isa = PBXContainerItemProxy;
			containerPortal = D987143128060F5600BA18A7 /* Project object */;
			proxyType = 1;
			remoteGlobalIDString = D987143828060F5600BA18A7;
			remoteInfo = TasarimCalismasiCyberspace;
		};
/* End PBXContainerItemProxy section */

/* Begin PBXFileReference section */
		D93D0F792806C35900A8A390 /* PressStart2P-Regular.ttf */ = {isa = PBXFileReference; lastKnownFileType = file; path = "PressStart2P-Regular.ttf"; sourceTree = "<group>"; };
		D93D0F7B2806E3D600A8A390 /* tr */ = {isa = PBXFileReference; lastKnownFileType = text.plist.strings; name = tr; path = tr.lproj/Main.strings; sourceTree = "<group>"; };
		D93D0F7C2806E3D600A8A390 /* tr */ = {isa = PBXFileReference; lastKnownFileType = text.plist.strings; name = tr; path = tr.lproj/LaunchScreen.strings; sourceTree = "<group>"; };
		D987143928060F5600BA18A7 /* TasarimCalismasiCyberspace.app */ = {isa = PBXFileReference; explicitFileType = wrapper.application; includeInIndex = 0; path = TasarimCalismasiCyberspace.app; sourceTree = BUILT_PRODUCTS_DIR; };
		D987143C28060F5600BA18A7 /* AppDelegate.swift */ = {isa = PBXFileReference; lastKnownFileType = sourcecode.swift; path = AppDelegate.swift; sourceTree = "<group>"; };
		D987143E28060F5600BA18A7 /* SceneDelegate.swift */ = {isa = PBXFileReference; lastKnownFileType = sourcecode.swift; path = SceneDelegate.swift; sourceTree = "<group>"; };
		D987144028060F5600BA18A7 /* ViewController.swift */ = {isa = PBXFileReference; lastKnownFileType = sourcecode.swift; path = ViewController.swift; sourceTree = "<group>"; };
		D987144328060F5600BA18A7 /* Base */ = {isa = PBXFileReference; lastKnownFileType = file.storyboard; name = Base; path = Base.lproj/Main.storyboard; sourceTree = "<group>"; };
		D987144528060F5700BA18A7 /* Assets.xcassets */ = {isa = PBXFileReference; lastKnownFileType = folder.assetcatalog; path = Assets.xcassets; sourceTree = "<group>"; };
		D987144828060F5700BA18A7 /* Base */ = {isa = PBXFileReference; lastKnownFileType = file.storyboard; name = Base; path = Base.lproj/LaunchScreen.storyboard; sourceTree = "<group>"; };
		D987144A28060F5700BA18A7 /* Info.plist */ = {isa = PBXFileReference; lastKnownFileType = text.plist.xml; path = Info.plist; sourceTree = "<group>"; };
		D987144F28060F5700BA18A7 /* TasarimCalismasiCyberspaceTests.xctest */ = {isa = PBXFileReference; explicitFileType = wrapper.cfbundle; includeInIndex = 0; path = TasarimCalismasiCyberspaceTests.xctest; sourceTree = BUILT_PRODUCTS_DIR; };
		D987145328060F5700BA18A7 /* TasarimCalismasiCyberspaceTests.swift */ = {isa = PBXFileReference; lastKnownFileType = sourcecode.swift; path = TasarimCalismasiCyberspaceTests.swift; sourceTree = "<group>"; };
		D987145928060F5700BA18A7 /* TasarimCalismasiCyberspaceUITests.xctest */ = {isa = PBXFileReference; explicitFileType = wrapper.cfbundle; includeInIndex = 0; path = TasarimCalismasiCyberspaceUITests.xctest; sourceTree = BUILT_PRODUCTS_DIR; };
		D987145D28060F5700BA18A7 /* TasarimCalismasiCyberspaceUITests.swift */ = {isa = PBXFileReference; lastKnownFileType = sourcecode.swift; path = TasarimCalismasiCyberspaceUITests.swift; sourceTree = "<group>"; };
		D987145F28060F5700BA18A7 /* TasarimCalismasiCyberspaceUITestsLaunchTests.swift */ = {isa = PBXFileReference; lastKnownFileType = sourcecode.swift; path = TasarimCalismasiCyberspaceUITestsLaunchTests.swift; sourceTree = "<group>"; };
/* End PBXFileReference section */

/* Begin PBXFrameworksBuildPhase section */
		D987143628060F5600BA18A7 /* Frameworks */ = {
			isa = PBXFrameworksBuildPhase;
			buildActionMask = 2147483647;
			files = (
			);
			runOnlyForDeploymentPostprocessing = 0;
		};
		D987144C28060F5700BA18A7 /* Frameworks */ = {
			isa = PBXFrameworksBuildPhase;
			buildActionMask = 2147483647;
			files = (
			);
			runOnlyForDeploymentPostprocessing = 0;
		};
		D987145628060F5700BA18A7 /* Frameworks */ = {
			isa = PBXFrameworksBuildPhase;
			buildActionMask = 2147483647;
			files = (
			);
			runOnlyForDeploymentPostprocessing = 0;
		};
/* End PBXFrameworksBuildPhase section */

/* Begin PBXGroup section */
		D93D0F782806C30900A8A390 /* Fonts */ = {
			isa = PBXGroup;
			children = (
				D93D0F792806C35900A8A390 /* PressStart2P-Regular.ttf */,
			);
			path = Fonts;
			sourceTree = "<group>";
		};
		D987143028060F5600BA18A7 = {
			isa = PBXGroup;
			children = (
				D987143B28060F5600BA18A7 /* TasarimCalismasiCyberspace */,
				D987145228060F5700BA18A7 /* TasarimCalismasiCyberspaceTests */,
				D987145C28060F5700BA18A7 /* TasarimCalismasiCyberspaceUITests */,
				D987143A28060F5600BA18A7 /* Products */,
			);
			sourceTree = "<group>";
		};
		D987143A28060F5600BA18A7 /* Products */ = {
			isa = PBXGroup;
			children = (
				D987143928060F5600BA18A7 /* TasarimCalismasiCyberspace.app */,
				D987144F28060F5700BA18A7 /* TasarimCalismasiCyberspaceTests.xctest */,
				D987145928060F5700BA18A7 /* TasarimCalismasiCyberspaceUITests.xctest */,
			);
			name = Products;
			sourceTree = "<group>";
		};
		D987143B28060F5600BA18A7 /* TasarimCalismasiCyberspace */ = {
			isa = PBXGroup;
			children = (
				D987143C28060F5600BA18A7 /* AppDelegate.swift */,
				D987143E28060F5600BA18A7 /* SceneDelegate.swift */,
				D987144028060F5600BA18A7 /* ViewController.swift */,
				D93D0F782806C30900A8A390 /* Fonts */,
				D987144228060F5600BA18A7 /* Main.storyboard */,
				D987144528060F5700BA18A7 /* Assets.xcassets */,
				D987144728060F5700BA18A7 /* LaunchScreen.storyboard */,
				D987144A28060F5700BA18A7 /* Info.plist */,
			);
			path = TasarimCalismasiCyberspace;
			sourceTree = "<group>";
		};
		D987145228060F5700BA18A7 /* TasarimCalismasiCyberspaceTests */ = {
			isa = PBXGroup;
			children = (
				D987145328060F5700BA18A7 /* TasarimCalismasiCyberspaceTests.swift */,
				D987145D28060F5700BA18A7 /* TasarimCalismasiCyberspaceUITests.swift */,
			);
			path = TasarimCalismasiCyberspaceTests;
			sourceTree = "<group>";
		};
		D987145C28060F5700BA18A7 /* TasarimCalismasiCyberspaceUITests */ = {
			isa = PBXGroup;
			children = (
				D987145F28060F5700BA18A7 /* TasarimCalismasiCyberspaceUITestsLaunchTests.swift */,
			);
			path = TasarimCalismasiCyberspaceUITests;
			sourceTree = "<group>";
		};
/* End PBXGroup section */

/* Begin PBXNativeTarget section */
		D987143828060F5600BA18A7 /* TasarimCalismasiCyberspace */ = {
			isa = PBXNativeTarget;
			buildConfigurationList = D987146328060F5700BA18A7 /* Build configuration list for PBXNativeTarget "TasarimCalismasiCyberspace" */;
			buildPhases = (
				D987143528060F5600BA18A7 /* Sources */,
				D987143628060F5600BA18A7 /* Frameworks */,
				D987143728060F5600BA18A7 /* Resources */,
			);
			buildRules = (
			);
			dependencies = (
			);
			name = TasarimCalismasiCyberspace;
			productName = TasarimCalismasiCyberspace;
			productReference = D987143928060F5600BA18A7 /* TasarimCalismasiCyberspace.app */;
			productType = "com.apple.product-type.application";
		};
		D987144E28060F5700BA18A7 /* TasarimCalismasiCyberspaceTests */ = {
			isa = PBXNativeTarget;
			buildConfigurationList = D987146628060F5700BA18A7 /* Build configuration list for PBXNativeTarget "TasarimCalismasiCyberspaceTests" */;
			buildPhases = (
				D987144B28060F5700BA18A7 /* Sources */,
				D987144C28060F5700BA18A7 /* Frameworks */,
				D987144D28060F5700BA18A7 /* Resources */,
			);
			buildRules = (
			);
			dependencies = (
				D987145128060F5700BA18A7 /* PBXTargetDependency */,
			);
			name = TasarimCalismasiCyberspaceTests;
			productName = TasarimCalismasiCyberspaceTests;
			productReference = D987144F28060F5700BA18A7 /* TasarimCalismasiCyberspaceTests.xctest */;
			productType = "com.apple.product-type.bundle.unit-test";
		};
		D987145828060F5700BA18A7 /* TasarimCalismasiCyberspaceUITests */ = {
			isa = PBXNativeTarget;
			buildConfigurationList = D987146928060F5700BA18A7 /* Build configuration list for PBXNativeTarget "TasarimCalismasiCyberspaceUITests" */;
			buildPhases = (
				D987145528060F5700BA18A7 /* Sources */,
				D987145628060F5700BA18A7 /* Frameworks */,
				D987145728060F5700BA18A7 /* Resources */,
			);
			buildRules = (
			);
			dependencies = (
				D987145B28060F5700BA18A7 /* PBXTargetDependency */,
			);
			name = TasarimCalismasiCyberspaceUITests;
			productName = TasarimCalismasiCyberspaceUITests;
			productReference = D987145928060F5700BA18A7 /* TasarimCalismasiCyberspaceUITests.xctest */;
			productType = "com.apple.product-type.bundle.ui-testing";
		};
/* End PBXNativeTarget section */

/* Begin PBXProject section */
		D987143128060F5600BA18A7 /* Project object */ = {
			isa = PBXProject;
			attributes = {
				BuildIndependentTargetsInParallel = 1;
				LastSwiftUpdateCheck = 1330;
				LastUpgradeCheck = 1330;
				TargetAttributes = {
					D987143828060F5600BA18A7 = {
						CreatedOnToolsVersion = 13.3;
					};
					D987144E28060F5700BA18A7 = {
						CreatedOnToolsVersion = 13.3;
						TestTargetID = D987143828060F5600BA18A7;
					};
					D987145828060F5700BA18A7 = {
						CreatedOnToolsVersion = 13.3;
						TestTargetID = D987143828060F5600BA18A7;
					};
				};
			};
			buildConfigurationList = D987143428060F5600BA18A7 /* Build configuration list for PBXProject "TasarimCalismasiCyberspace" */;
			compatibilityVersion = "Xcode 13.0";
			developmentRegion = en;
			hasScannedForEncodings = 0;
			knownRegions = (
				en,
				Base,
				tr,
			);
			mainGroup = D987143028060F5600BA18A7;
			productRefGroup = D987143A28060F5600BA18A7 /* Products */;
			projectDirPath = "";
			projectRoot = "";
			targets = (
				D987143828060F5600BA18A7 /* TasarimCalismasiCyberspace */,
				D987144E28060F5700BA18A7 /* TasarimCalismasiCyberspaceTests */,
				D987145828060F5700BA18A7 /* TasarimCalismasiCyberspaceUITests */,
			);
		};
/* End PBXProject section */

/* Begin PBXResourcesBuildPhase section */
		D987143728060F5600BA18A7 /* Resources */ = {
			isa = PBXResourcesBuildPhase;
			buildActionMask = 2147483647;
			files = (
				D93D0F7A2806C35900A8A390 /* PressStart2P-Regular.ttf in Resources */,
				D987144928060F5700BA18A7 /* LaunchScreen.storyboard in Resources */,
				D987144628060F5700BA18A7 /* Assets.xcassets in Resources */,
				D987144428060F5600BA18A7 /* Main.storyboard in Resources */,
			);
			runOnlyForDeploymentPostprocessing = 0;
		};
		D987144D28060F5700BA18A7 /* Resources */ = {
			isa = PBXResourcesBuildPhase;
			buildActionMask = 2147483647;
			files = (
			);
			runOnlyForDeploymentPostprocessing = 0;
		};
		D987145728060F5700BA18A7 /* Resources */ = {
			isa = PBXResourcesBuildPhase;
			buildActionMask = 2147483647;
			files = (
			);
			runOnlyForDeploymentPostprocessing = 0;
		};
/* End PBXResourcesBuildPhase section */

/* Begin PBXSourcesBuildPhase section */
		D987143528060F5600BA18A7 /* Sources */ = {
			isa = PBXSourcesBuildPhase;
			buildActionMask = 2147483647;
			files = (
				D987144128060F5600BA18A7 /* ViewController.swift in Sources */,
				D987143D28060F5600BA18A7 /* AppDelegate.swift in Sources */,
				D987143F28060F5600BA18A7 /* SceneDelegate.swift in Sources */,
			);
			runOnlyForDeploymentPostprocessing = 0;
		};
		D987144B28060F5700BA18A7 /* Sources */ = {
			isa = PBXSourcesBuildPhase;
			buildActionMask = 2147483647;
			files = (
				D987145428060F5700BA18A7 /* TasarimCalismasiCyberspaceTests.swift in Sources */,
				D987146C280618B600BA18A7 /* TasarimCalismasiCyberspaceUITests.swift in Sources */,
			);
			runOnlyForDeploymentPostprocessing = 0;
		};
		D987145528060F5700BA18A7 /* Sources */ = {
			isa = PBXSourcesBuildPhase;
			buildActionMask = 2147483647;
			files = (
				D987146028060F5700BA18A7 /* TasarimCalismasiCyberspaceUITestsLaunchTests.swift in Sources */,
			);
			runOnlyForDeploymentPostprocessing = 0;
		};
/* End PBXSourcesBuildPhase section */

/* Begin PBXTargetDependency section */
		D987145128060F5700BA18A7 /* PBXTargetDependency */ = {
			isa = PBXTargetDependency;
			target = D987143828060F5600BA18A7 /* TasarimCalismasiCyberspace */;
			targetProxy = D987145028060F5700BA18A7 /* PBXContainerItemProxy */;
		};
		D987145B28060F5700BA18A7 /* PBXTargetDependency */ = {
			isa = PBXTargetDependency;
			target = D987143828060F5600BA18A7 /* TasarimCalismasiCyberspace */;
			targetProxy = D987145A28060F5700BA18A7 /* PBXContainerItemProxy */;
		};
/* End PBXTargetDependency section */

/* Begin PBXVariantGroup section */
		D987144228060F5600BA18A7 /* Main.storyboard */ = {
			isa = PBXVariantGroup;
			children = (
				D987144328060F5600BA18A7 /* Base */,
				D93D0F7B2806E3D600A8A390 /* tr */,
			);
			name = Main.storyboard;
			sourceTree = "<group>";
		};
		D987144728060F5700BA18A7 /* LaunchScreen.storyboard */ = {
			isa = PBXVariantGroup;
			children = (
				D987144828060F5700BA18A7 /* Base */,
				D93D0F7C2806E3D600A8A390 /* tr */,
			);
			name = LaunchScreen.storyboard;
			sourceTree = "<group>";
		};
/* End PBXVariantGroup section */

/* Begin XCBuildConfiguration section */
		D987146128060F5700BA18A7 /* Debug */ = {
			isa = XCBuildConfiguration;
			buildSettings = {
				ALWAYS_SEARCH_USER_PATHS = NO;
				CLANG_ANALYZER_LOCALIZABILITY_NONLOCALIZED = YES;
				CLANG_ANALYZER_NONNULL = YES;
				CLANG_ANALYZER_NUMBER_OBJECT_CONVERSION = YES_AGGRESSIVE;
				CLANG_CXX_LANGUAGE_STANDARD = "gnu++17";
				CLANG_ENABLE_MODULES = YES;
				CLANG_ENABLE_OBJC_ARC = YES;
				CLANG_ENABLE_OBJC_WEAK = YES;
				CLANG_WARN_BLOCK_CAPTURE_AUTORELEASING = YES;
				CLANG_WARN_BOOL_CONVERSION = YES;
				CLANG_WARN_COMMA = YES;
				CLANG_WARN_CONSTANT_CONVERSION = YES;
				CLANG_WARN_DEPRECATED_OBJC_IMPLEMENTATIONS = YES;
				CLANG_WARN_DIRECT_OBJC_ISA_USAGE = YES_ERROR;
				CLANG_WARN_DOCUMENTATION_COMMENTS = YES;
				CLANG_WARN_EMPTY_BODY = YES;
				CLANG_WARN_ENUM_CONVERSION = YES;
				CLANG_WARN_INFINITE_RECURSION = YES;
				CLANG_WARN_INT_CONVERSION = YES;
				CLANG_WARN_NON_LITERAL_NULL_CONVERSION = YES;
				CLANG_WARN_OBJC_IMPLICIT_RETAIN_SELF = YES;
				CLANG_WARN_OBJC_LITERAL_CONVERSION = YES;
				CLANG_WARN_OBJC_ROOT_CLASS = YES_ERROR;
				CLANG_WARN_QUOTED_INCLUDE_IN_FRAMEWORK_HEADER = YES;
				CLANG_WARN_RANGE_LOOP_ANALYSIS = YES;
				CLANG_WARN_STRICT_PROTOTYPES = YES;
				CLANG_WARN_SUSPICIOUS_MOVE = YES;
				CLANG_WARN_UNGUARDED_AVAILABILITY = YES_AGGRESSIVE;
				CLANG_WARN_UNREACHABLE_CODE = YES;
				CLANG_WARN__DUPLICATE_METHOD_MATCH = YES;
				COPY_PHASE_STRIP = NO;
				DEBUG_INFORMATION_FORMAT = dwarf;
				ENABLE_STRICT_OBJC_MSGSEND = YES;
				ENABLE_TESTABILITY = YES;
				GCC_C_LANGUAGE_STANDARD = gnu11;
				GCC_DYNAMIC_NO_PIC = NO;
				GCC_NO_COMMON_BLOCKS = YES;
				GCC_OPTIMIZATION_LEVEL = 0;
				GCC_PREPROCESSOR_DEFINITIONS = (
					"DEBUG=1",
					"$(inherited)",
				);
				GCC_WARN_64_TO_32_BIT_CONVERSION = YES;
				GCC_WARN_ABOUT_RETURN_TYPE = YES_ERROR;
				GCC_WARN_UNDECLARED_SELECTOR = YES;
				GCC_WARN_UNINITIALIZED_AUTOS = YES_AGGRESSIVE;
				GCC_WARN_UNUSED_FUNCTION = YES;
				GCC_WARN_UNUSED_VARIABLE = YES;
				IPHONEOS_DEPLOYMENT_TARGET = 15.4;
				MTL_ENABLE_DEBUG_INFO = INCLUDE_SOURCE;
				MTL_FAST_MATH = YES;
				ONLY_ACTIVE_ARCH = YES;
				SDKROOT = iphoneos;
				SWIFT_ACTIVE_COMPILATION_CONDITIONS = DEBUG;
				SWIFT_OPTIMIZATION_LEVEL = "-Onone";
			};
			name = Debug;
		};
		D987146228060F5700BA18A7 /* Release */ = {
			isa = XCBuildConfiguration;
			buildSettings = {
				ALWAYS_SEARCH_USER_PATHS = NO;
				CLANG_ANALYZER_LOCALIZABILITY_NONLOCALIZED = YES;
				CLANG_ANALYZER_NONNULL = YES;
				CLANG_ANALYZER_NUMBER_OBJECT_CONVERSION = YES_AGGRESSIVE;
				CLANG_CXX_LANGUAGE_STANDARD = "gnu++17";
				CLANG_ENABLE_MODULES = YES;
				CLANG_ENABLE_OBJC_ARC = YES;
				CLANG_ENABLE_OBJC_WEAK = YES;
				CLANG_WARN_BLOCK_CAPTURE_AUTORELEASING = YES;
				CLANG_WARN_BOOL_CONVERSION = YES;
				CLANG_WARN_COMMA = YES;
				CLANG_WARN_CONSTANT_CONVERSION = YES;
				CLANG_WARN_DEPRECATED_OBJC_IMPLEMENTATIONS = YES;
				CLANG_WARN_DIRECT_OBJC_ISA_USAGE = YES_ERROR;
				CLANG_WARN_DOCUMENTATION_COMMENTS = YES;
				CLANG_WARN_EMPTY_BODY = YES;
				CLANG_WARN_ENUM_CONVERSION = YES;
				CLANG_WARN_INFINITE_RECURSION = YES;
				CLANG_WARN_INT_CONVERSION = YES;
				CLANG_WARN_NON_LITERAL_NULL_CONVERSION = YES;
				CLANG_WARN_OBJC_IMPLICIT_RETAIN_SELF = YES;
				CLANG_WARN_OBJC_LITERAL_CONVERSION = YES;
				CLANG_WARN_OBJC_ROOT_CLASS = YES_ERROR;
				CLANG_WARN_QUOTED_INCLUDE_IN_FRAMEWORK_HEADER = YES;
				CLANG_WARN_RANGE_LOOP_ANALYSIS = YES;
				CLANG_WARN_STRICT_PROTOTYPES = YES;
				CLANG_WARN_SUSPICIOUS_MOVE = YES;
				CLANG_WARN_UNGUARDED_AVAILABILITY = YES_AGGRESSIVE;
				CLANG_WARN_UNREACHABLE_CODE = YES;
				CLANG_WARN__DUPLICATE_METHOD_MATCH = YES;
				COPY_PHASE_STRIP = NO;
				DEBUG_INFORMATION_FORMAT = "dwarf-with-dsym";
				ENABLE_NS_ASSERTIONS = NO;
				ENABLE_STRICT_OBJC_MSGSEND = YES;
				GCC_C_LANGUAGE_STANDARD = gnu11;
				GCC_NO_COMMON_BLOCKS = YES;
				GCC_WARN_64_TO_32_BIT_CONVERSION = YES;
				GCC_WARN_ABOUT_RETURN_TYPE = YES_ERROR;
				GCC_WARN_UNDECLARED_SELECTOR = YES;
				GCC_WARN_UNINITIALIZED_AUTOS = YES_AGGRESSIVE;
				GCC_WARN_UNUSED_FUNCTION = YES;
				GCC_WARN_UNUSED_VARIABLE = YES;
				IPHONEOS_DEPLOYMENT_TARGET = 15.4;
				MTL_ENABLE_DEBUG_INFO = NO;
				MTL_FAST_MATH = YES;
				SDKROOT = iphoneos;
				SWIFT_COMPILATION_MODE = wholemodule;
				SWIFT_OPTIMIZATION_LEVEL = "-O";
				VALIDATE_PRODUCT = YES;
			};
			name = Release;
		};
		D987146428060F5700BA18A7 /* Debug */ = {
			isa = XCBuildConfiguration;
			buildSettings = {
				ASSETCATALOG_COMPILER_APPICON_NAME = AppIcon;
				ASSETCATALOG_COMPILER_GLOBAL_ACCENT_COLOR_NAME = AccentColor;
				CODE_SIGN_STYLE = Automatic;
				CURRENT_PROJECT_VERSION = 1;
				GENERATE_INFOPLIST_FILE = YES;
				INFOPLIST_FILE = TasarimCalismasiCyberspace/Info.plist;
				INFOPLIST_KEY_UIApplicationSupportsIndirectInputEvents = YES;
				INFOPLIST_KEY_UILaunchStoryboardName = LaunchScreen;
				INFOPLIST_KEY_UIMainStoryboardFile = Main;
				INFOPLIST_KEY_UISupportedInterfaceOrientations_iPad = "UIInterfaceOrientationPortrait UIInterfaceOrientationPortraitUpsideDown UIInterfaceOrientationLandscapeLeft UIInterfaceOrientationLandscapeRight";
				INFOPLIST_KEY_UISupportedInterfaceOrientations_iPhone = "UIInterfaceOrientationPortrait UIInterfaceOrientationLandscapeLeft UIInterfaceOrientationLandscapeRight";
				LD_RUNPATH_SEARCH_PATHS = (
					"$(inherited)",
					"@executable_path/Frameworks",
				);
				MARKETING_VERSION = 1.0;
				PRODUCT_BUNDLE_IDENTIFIER = com.info.TasarimCalismasiCyberspace;
				PRODUCT_NAME = "$(TARGET_NAME)";
				SWIFT_EMIT_LOC_STRINGS = YES;
				SWIFT_VERSION = 5.0;
				TARGETED_DEVICE_FAMILY = "1,2";
			};
			name = Debug;
		};
		D987146528060F5700BA18A7 /* Release */ = {
			isa = XCBuildConfiguration;
			buildSettings = {
				ASSETCATALOG_COMPILER_APPICON_NAME = AppIcon;
				ASSETCATALOG_COMPILER_GLOBAL_ACCENT_COLOR_NAME = AccentColor;
				CODE_SIGN_STYLE = Automatic;
				CURRENT_PROJECT_VERSION = 1;
				GENERATE_INFOPLIST_FILE = YES;
				INFOPLIST_FILE = TasarimCalismasiCyberspace/Info.plist;
				INFOPLIST_KEY_UIApplicationSupportsIndirectInputEvents = YES;
				INFOPLIST_KEY_UILaunchStoryboardName = LaunchScreen;
				INFOPLIST_KEY_UIMainStoryboardFile = Main;
				INFOPLIST_KEY_UISupportedInterfaceOrientations_iPad = "UIInterfaceOrientationPortrait UIInterfaceOrientationPortraitUpsideDown UIInterfaceOrientationLandscapeLeft UIInterfaceOrientationLandscapeRight";
				INFOPLIST_KEY_UISupportedInterfaceOrientations_iPhone = "UIInterfaceOrientationPortrait UIInterfaceOrientationLandscapeLeft UIInterfaceOrientationLandscapeRight";
				LD_RUNPATH_SEARCH_PATHS = (
					"$(inherited)",
					"@executable_path/Frameworks",
				);
				MARKETING_VERSION = 1.0;
				PRODUCT_BUNDLE_IDENTIFIER = com.info.TasarimCalismasiCyberspace;
				PRODUCT_NAME = "$(TARGET_NAME)";
				SWIFT_EMIT_LOC_STRINGS = YES;
				SWIFT_VERSION = 5.0;
				TARGETED_DEVICE_FAMILY = "1,2";
			};
			name = Release;
		};
		D987146728060F5700BA18A7 /* Debug */ = {
			isa = XCBuildConfiguration;
			buildSettings = {
				ALWAYS_EMBED_SWIFT_STANDARD_LIBRARIES = YES;
				BUNDLE_LOADER = "$(TEST_HOST)";
				CODE_SIGN_STYLE = Automatic;
				CURRENT_PROJECT_VERSION = 1;
				GENERATE_INFOPLIST_FILE = YES;
				IPHONEOS_DEPLOYMENT_TARGET = 15.4;
				MARKETING_VERSION = 1.0;
				PRODUCT_BUNDLE_IDENTIFIER = com.info.TasarimCalismasiCyberspaceTests;
				PRODUCT_NAME = "$(TARGET_NAME)";
				SWIFT_EMIT_LOC_STRINGS = NO;
				SWIFT_VERSION = 5.0;
				TARGETED_DEVICE_FAMILY = "1,2";
				TEST_HOST = "$(BUILT_PRODUCTS_DIR)/TasarimCalismasiCyberspace.app/TasarimCalismasiCyberspace";
			};
			name = Debug;
		};
		D987146828060F5700BA18A7 /* Release */ = {
			isa = XCBuildConfiguration;
			buildSettings = {
				ALWAYS_EMBED_SWIFT_STANDARD_LIBRARIES = YES;
				BUNDLE_LOADER = "$(TEST_HOST)";
				CODE_SIGN_STYLE = Automatic;
				CURRENT_PROJECT_VERSION = 1;
				GENERATE_INFOPLIST_FILE = YES;
				IPHONEOS_DEPLOYMENT_TARGET = 15.4;
				MARKETING_VERSION = 1.0;
				PRODUCT_BUNDLE_IDENTIFIER = com.info.TasarimCalismasiCyberspaceTests;
				PRODUCT_NAME = "$(TARGET_NAME)";
				SWIFT_EMIT_LOC_STRINGS = NO;
				SWIFT_VERSION = 5.0;
				TARGETED_DEVICE_FAMILY = "1,2";
				TEST_HOST = "$(BUILT_PRODUCTS_DIR)/TasarimCalismasiCyberspace.app/TasarimCalismasiCyberspace";
			};
			name = Release;
		};
		D987146A28060F5700BA18A7 /* Debug */ = {
			isa = XCBuildConfiguration;
			buildSettings = {
				ALWAYS_EMBED_SWIFT_STANDARD_LIBRARIES = YES;
				CODE_SIGN_STYLE = Automatic;
				CURRENT_PROJECT_VERSION = 1;
				GENERATE_INFOPLIST_FILE = YES;
				MARKETING_VERSION = 1.0;
				PRODUCT_BUNDLE_IDENTIFIER = com.info.TasarimCalismasiCyberspaceUITests;
				PRODUCT_NAME = "$(TARGET_NAME)";
				SWIFT_EMIT_LOC_STRINGS = NO;
				SWIFT_VERSION = 5.0;
				TARGETED_DEVICE_FAMILY = "1,2";
				TEST_TARGET_NAME = TasarimCalismasiCyberspace;
			};
			name = Debug;
		};
		D987146B28060F5700BA18A7 /* Release */ = {
			isa = XCBuildConfiguration;
			buildSettings = {
				ALWAYS_EMBED_SWIFT_STANDARD_LIBRARIES = YES;
				CODE_SIGN_STYLE = Automatic;
				CURRENT_PROJECT_VERSION = 1;
				GENERATE_INFOPLIST_FILE = YES;
				MARKETING_VERSION = 1.0;
				PRODUCT_BUNDLE_IDENTIFIER = com.info.TasarimCalismasiCyberspaceUITests;
				PRODUCT_NAME = "$(TARGET_NAME)";
				SWIFT_EMIT_LOC_STRINGS = NO;
				SWIFT_VERSION = 5.0;
				TARGETED_DEVICE_FAMILY = "1,2";
				TEST_TARGET_NAME = TasarimCalismasiCyberspace;
			};
			name = Release;
		};
/* End XCBuildConfiguration section */

/* Begin XCConfigurationList section */
		D987143428060F5600BA18A7 /* Build configuration list for PBXProject "TasarimCalismasiCyberspace" */ = {
			isa = XCConfigurationList;
			buildConfigurations = (
				D987146128060F5700BA18A7 /* Debug */,
				D987146228060F5700BA18A7 /* Release */,
			);
			defaultConfigurationIsVisible = 0;
			defaultConfigurationName = Release;
		};
		D987146328060F5700BA18A7 /* Build configuration list for PBXNativeTarget "TasarimCalismasiCyberspace" */ = {
			isa = XCConfigurationList;
			buildConfigurations = (
				D987146428060F5700BA18A7 /* Debug */,
				D987146528060F5700BA18A7 /* Release */,
			);
			defaultConfigurationIsVisible = 0;
			defaultConfigurationName = Release;
		};
		D987146628060F5700BA18A7 /* Build configuration list for PBXNativeTarget "TasarimCalismasiCyberspaceTests" */ = {
			isa = XCConfigurationList;
			buildConfigurations = (
				D987146728060F5700BA18A7 /* Debug */,
				D987146828060F5700BA18A7 /* Release */,
			);
			defaultConfigurationIsVisible = 0;
			defaultConfigurationName = Release;
		};
		D987146928060F5700BA18A7 /* Build configuration list for PBXNativeTarget "TasarimCalismasiCyberspaceUITests" */ = {
			isa = XCConfigurationList;
			buildConfigurations = (
				D987146A28060F5700BA18A7 /* Debug */,
				D987146B28060F5700BA18A7 /* Release */,
			);
			defaultConfigurationIsVisible = 0;
			defaultConfigurationName = Release;
		};
/* End XCConfigurationList section */
	};
	rootObject = D987143128060F5600BA18A7 /* Project object */;
}
